{
  "name": "meuprog",
  "version": "1.0.0",
  "lockfileVersion": 2,
  "requires": true,
  "packages": {
    "": {
      "name": "meuprog",
      "version": "1.0.0",
      "license": "MIT",
      "dependencies": {
        "maths": "file:../mat"
      }
    },
    "../mat": {
      "name": "maths",
      "version": "1.0.0",
      "license": "MIT"
    },
    "node_modules/maths": {
      "resolved": "../mat",
      "link": true
    }
  },
  "dependencies": {
    "maths": {
      "version": "file:../mat"
    }
  }
}
